{
  "name": "samaritan-js-sdk",
  "version": "0.0.2",
  "lockfileVersion": 2,
  "requires": true,
  "packages": {
    "": {
      "name": "samaritan-js-sdk",
      "version": "0.0.2",
      "license": "ISC",
      "dependencies": {
        "@polkadot/api": "^9.10.5",
        "utf-8-validate": "*",
        "ws": "^8.11.0"
      },
      "optionalDependencies": {
        "bufferutil": "^4.0.7",
        "utf-8-validate": "^5.0.10"
      }
    },
    "node_modules/@babel/runtime": {
      "version": "7.20.7",
      "license": "MIT",
      "dependencies": {
        "regenerator-runtime": "^0.13.11"
      },
      "engines": {
        "node": ">=6.9.0"
      }
    },
    "node_modules/@noble/hashes": {
      "version": "1.1.3",
      "funding": [
        {
          "type": "individual",
          "url": "https://paulmillr.com/funding/"
        }
      ],
      "license": "MIT"
    },
    "node_modules/@noble/secp256k1": {
      "version": "1.7.0",
      "funding": [
        {
          "type": "individual",
          "url": "https://paulmillr.com/funding/"
        }
      ],
      "license": "MIT"
    },
    "node_modules/@polkadot/api": {
      "version": "9.10.5",
      "resolved": "https://registry.npmjs.org/@polkadot/api/-/api-9.10.5.tgz",
      "integrity": "sha512-nCtQX9+ZNSEN8Cn09ylZs8ckwHfB+ofbf+opW3JeRFm1K5AScH1Hx6jP9YpTa+ii9sDEXzMdUSN90JBYLtzW7w==",
      "dependencies": {
        "@babel/runtime": "^7.20.6",
        "@polkadot/api-augment": "9.10.5",
        "@polkadot/api-base": "9.10.5",
        "@polkadot/api-derive": "9.10.5",
        "@polkadot/keyring": "^10.2.1",
        "@polkadot/rpc-augment": "9.10.5",
        "@polkadot/rpc-core": "9.10.5",
        "@polkadot/rpc-provider": "9.10.5",
        "@polkadot/types": "9.10.5",
        "@polkadot/types-augment": "9.10.5",
        "@polkadot/types-codec": "9.10.5",
        "@polkadot/types-create": "9.10.5",
        "@polkadot/types-known": "9.10.5",
        "@polkadot/util": "^10.2.1",
        "@polkadot/util-crypto": "^10.2.1",
        "eventemitter3": "^4.0.7",
        "rxjs": "^7.8.0"
      },
      "engines": {
        "node": ">=14.0.0"
      }
    },
    "node_modules/@polkadot/api-augment": {
      "version": "9.10.5",
      "license": "Apache-2.0",
      "dependencies": {
        "@babel/runtime": "^7.20.6",
        "@polkadot/api-base": "9.10.5",
        "@polkadot/rpc-augment": "9.10.5",
        "@polkadot/types": "9.10.5",
        "@polkadot/types-augment": "9.10.5",
        "@polkadot/types-codec": "9.10.5",
        "@polkadot/util": "^10.2.1"
      },
      "engines": {
        "node": ">=14.0.0"
      }
    },
    "node_modules/@polkadot/api-base": {
      "version": "9.10.5",
      "license": "Apache-2.0",
      "dependencies": {
        "@babel/runtime": "^7.20.6",
        "@polkadot/rpc-core": "9.10.5",
        "@polkadot/types": "9.10.5",
        "@polkadot/util": "^10.2.1",
        "rxjs": "^7.8.0"
      },
      "engines": {
        "node": ">=14.0.0"
      }
    },
    "node_modules/@polkadot/api-derive": {
      "version": "9.10.5",
      "license": "Apache-2.0",
      "dependencies": {
        "@babel/runtime": "^7.20.6",
        "@polkadot/api": "9.10.5",
        "@polkadot/api-augment": "9.10.5",
        "@polkadot/api-base": "9.10.5",
        "@polkadot/rpc-core": "9.10.5",
        "@polkadot/types": "9.10.5",
        "@polkadot/types-codec": "9.10.5",
        "@polkadot/util": "^10.2.1",
        "@polkadot/util-crypto": "^10.2.1",
        "rxjs": "^7.8.0"
      },
      "engines": {
        "node": ">=14.0.0"
      }
    },
    "node_modules/@polkadot/keyring": {
      "version": "10.2.1",
      "license": "Apache-2.0",
      "dependencies": {
        "@babel/runtime": "^7.20.6",
        "@polkadot/util": "10.2.1",
        "@polkadot/util-crypto": "10.2.1"
      },
      "engines": {
        "node": ">=14.0.0"
      },
      "peerDependencies": {
        "@polkadot/util": "10.2.1",
        "@polkadot/util-crypto": "10.2.1"
      }
    },
    "node_modules/@polkadot/networks": {
      "version": "10.2.1",
      "license": "Apache-2.0",
      "dependencies": {
        "@babel/runtime": "^7.20.6",
        "@polkadot/util": "10.2.1",
        "@substrate/ss58-registry": "^1.35.0"
      },
      "engines": {
        "node": ">=14.0.0"
      }
    },
    "node_modules/@polkadot/rpc-augment": {
      "version": "9.10.5",
      "license": "Apache-2.0",
      "dependencies": {
        "@babel/runtime": "^7.20.6",
        "@polkadot/rpc-core": "9.10.5",
        "@polkadot/types": "9.10.5",
        "@polkadot/types-codec": "9.10.5",
        "@polkadot/util": "^10.2.1"
      },
      "engines": {
        "node": ">=14.0.0"
      }
    },
    "node_modules/@polkadot/rpc-core": {
      "version": "9.10.5",
      "license": "Apache-2.0",
      "dependencies": {
        "@babel/runtime": "^7.20.6",
        "@polkadot/rpc-augment": "9.10.5",
        "@polkadot/rpc-provider": "9.10.5",
        "@polkadot/types": "9.10.5",
        "@polkadot/util": "^10.2.1",
        "rxjs": "^7.8.0"
      },
      "engines": {
        "node": ">=14.0.0"
      }
    },
    "node_modules/@polkadot/rpc-provider": {
      "version": "9.10.5",
      "license": "Apache-2.0",
      "dependencies": {
        "@babel/runtime": "^7.20.6",
        "@polkadot/keyring": "^10.2.1",
        "@polkadot/types": "9.10.5",
        "@polkadot/types-support": "9.10.5",
        "@polkadot/util": "^10.2.1",
        "@polkadot/util-crypto": "^10.2.1",
        "@polkadot/x-fetch": "^10.2.1",
        "@polkadot/x-global": "^10.2.1",
        "@polkadot/x-ws": "^10.2.1",
        "@substrate/connect": "0.7.18",
        "eventemitter3": "^4.0.7",
        "mock-socket": "^9.1.5",
        "nock": "^13.2.9"
      },
      "engines": {
        "node": ">=14.0.0"
      }
    },
    "node_modules/@polkadot/rpc-provider/node_modules/@polkadot/types-support": {
      "version": "9.10.5",
      "resolved": "https://registry.npmjs.org/@polkadot/types-support/-/types-support-9.10.5.tgz",
      "integrity": "sha512-o5wIkWqNV0QsPMrZ0uKM2K2hJ4IP9KhFQzoU+97lE2Yb3TDUCA6XWP9VqyobYjaxXd9DmPdSjzqb2hzhMwunbw==",
      "dependencies": {
        "@babel/runtime": "^7.20.6",
        "@polkadot/util": "^10.2.1"
      },
      "engines": {
        "node": ">=14.0.0"
      }
    },
    "node_modules/@polkadot/types": {
      "version": "9.10.5",
      "license": "Apache-2.0",
      "dependencies": {
        "@babel/runtime": "^7.20.6",
        "@polkadot/keyring": "^10.2.1",
        "@polkadot/types-augment": "9.10.5",
        "@polkadot/types-codec": "9.10.5",
        "@polkadot/types-create": "9.10.5",
        "@polkadot/util": "^10.2.1",
        "@polkadot/util-crypto": "^10.2.1",
        "rxjs": "^7.8.0"
      },
      "engines": {
        "node": ">=14.0.0"
      }
    },
    "node_modules/@polkadot/types-augment": {
      "version": "9.10.5",
      "license": "Apache-2.0",
      "dependencies": {
        "@babel/runtime": "^7.20.6",
        "@polkadot/types": "9.10.5",
        "@polkadot/types-codec": "9.10.5",
        "@polkadot/util": "^10.2.1"
      },
      "engines": {
        "node": ">=14.0.0"
      }
    },
    "node_modules/@polkadot/types-codec": {
      "version": "9.10.5",
      "license": "Apache-2.0",
      "dependencies": {
        "@babel/runtime": "^7.20.6",
        "@polkadot/util": "^10.2.1",
        "@polkadot/x-bigint": "^10.2.1"
      },
      "engines": {
        "node": ">=14.0.0"
      }
    },
    "node_modules/@polkadot/types-create": {
      "version": "9.10.5",
      "license": "Apache-2.0",
      "dependencies": {
        "@babel/runtime": "^7.20.6",
        "@polkadot/types-codec": "9.10.5",
        "@polkadot/util": "^10.2.1"
      },
      "engines": {
        "node": ">=14.0.0"
      }
    },
    "node_modules/@polkadot/types-known": {
      "version": "9.10.5",
      "license": "Apache-2.0",
      "dependencies": {
        "@babel/runtime": "^7.20.6",
        "@polkadot/networks": "^10.2.1",
        "@polkadot/types": "9.10.5",
        "@polkadot/types-codec": "9.10.5",
        "@polkadot/types-create": "9.10.5",
        "@polkadot/util": "^10.2.1"
      },
      "engines": {
        "node": ">=14.0.0"
      }
    },
    "node_modules/@polkadot/util": {
      "version": "10.2.1",
      "license": "Apache-2.0",
      "dependencies": {
        "@babel/runtime": "^7.20.6",
        "@polkadot/x-bigint": "10.2.1",
        "@polkadot/x-global": "10.2.1",
        "@polkadot/x-textdecoder": "10.2.1",
        "@polkadot/x-textencoder": "10.2.1",
        "@types/bn.js": "^5.1.1",
        "bn.js": "^5.2.1"
      },
      "engines": {
        "node": ">=14.0.0"
      }
    },
    "node_modules/@polkadot/util-crypto": {
      "version": "10.2.1",
      "license": "Apache-2.0",
      "dependencies": {
        "@babel/runtime": "^7.20.6",
        "@noble/hashes": "1.1.3",
        "@noble/secp256k1": "1.7.0",
        "@polkadot/networks": "10.2.1",
        "@polkadot/util": "10.2.1",
        "@polkadot/wasm-crypto": "^6.4.1",
        "@polkadot/x-bigint": "10.2.1",
        "@polkadot/x-randomvalues": "10.2.1",
        "@scure/base": "1.1.1",
        "ed2curve": "^0.3.0",
        "tweetnacl": "^1.0.3"
      },
      "engines": {
        "node": ">=14.0.0"
      },
      "peerDependencies": {
        "@polkadot/util": "10.2.1"
      }
    },
    "node_modules/@polkadot/wasm-bridge": {
      "version": "6.4.1",
      "license": "Apache-2.0",
      "dependencies": {
        "@babel/runtime": "^7.20.6"
      },
      "engines": {
        "node": ">=14.0.0"
      },
      "peerDependencies": {
        "@polkadot/util": "*",
        "@polkadot/x-randomvalues": "*"
      }
    },
    "node_modules/@polkadot/wasm-crypto": {
      "version": "6.4.1",
      "license": "Apache-2.0",
      "dependencies": {
        "@babel/runtime": "^7.20.6",
        "@polkadot/wasm-bridge": "6.4.1",
        "@polkadot/wasm-crypto-asmjs": "6.4.1",
        "@polkadot/wasm-crypto-init": "6.4.1",
        "@polkadot/wasm-crypto-wasm": "6.4.1",
        "@polkadot/wasm-util": "6.4.1"
      },
      "engines": {
        "node": ">=14.0.0"
      },
      "peerDependencies": {
        "@polkadot/util": "*",
        "@polkadot/x-randomvalues": "*"
      }
    },
    "node_modules/@polkadot/wasm-crypto-asmjs": {
      "version": "6.4.1",
      "license": "Apache-2.0",
      "dependencies": {
        "@babel/runtime": "^7.20.6"
      },
      "engines": {
        "node": ">=14.0.0"
      },
      "peerDependencies": {
        "@polkadot/util": "*"
      }
    },
    "node_modules/@polkadot/wasm-crypto-init": {
      "version": "6.4.1",
      "license": "Apache-2.0",
      "dependencies": {
        "@babel/runtime": "^7.20.6",
        "@polkadot/wasm-bridge": "6.4.1",
        "@polkadot/wasm-crypto-asmjs": "6.4.1",
        "@polkadot/wasm-crypto-wasm": "6.4.1"
      },
      "engines": {
        "node": ">=14.0.0"
      },
      "peerDependencies": {
        "@polkadot/util": "*",
        "@polkadot/x-randomvalues": "*"
      }
    },
    "node_modules/@polkadot/wasm-crypto-wasm": {
      "version": "6.4.1",
      "license": "Apache-2.0",
      "dependencies": {
        "@babel/runtime": "^7.20.6",
        "@polkadot/wasm-util": "6.4.1"
      },
      "engines": {
        "node": ">=14.0.0"
      },
      "peerDependencies": {
        "@polkadot/util": "*"
      }
    },
    "node_modules/@polkadot/wasm-util": {
      "version": "6.4.1",
      "license": "Apache-2.0",
      "dependencies": {
        "@babel/runtime": "^7.20.6"
      },
      "engines": {
        "node": ">=14.0.0"
      },
      "peerDependencies": {
        "@polkadot/util": "*"
      }
    },
    "node_modules/@polkadot/x-bigint": {
      "version": "10.2.1",
      "license": "Apache-2.0",
      "dependencies": {
        "@babel/runtime": "^7.20.6",
        "@polkadot/x-global": "10.2.1"
      },
      "engines": {
        "node": ">=14.0.0"
      }
    },
    "node_modules/@polkadot/x-fetch": {
      "version": "10.2.1",
      "license": "Apache-2.0",
      "dependencies": {
        "@babel/runtime": "^7.20.6",
        "@polkadot/x-global": "10.2.1",
        "@types/node-fetch": "^2.6.2",
        "node-fetch": "^3.3.0"
      },
      "engines": {
        "node": ">=14.0.0"
      }
    },
    "node_modules/@polkadot/x-global": {
      "version": "10.2.1",
      "license": "Apache-2.0",
      "dependencies": {
        "@babel/runtime": "^7.20.6"
      },
      "engines": {
        "node": ">=14.0.0"
      }
    },
    "node_modules/@polkadot/x-randomvalues": {
      "version": "10.2.1",
      "license": "Apache-2.0",
      "dependencies": {
        "@babel/runtime": "^7.20.6",
        "@polkadot/x-global": "10.2.1"
      },
      "engines": {
        "node": ">=14.0.0"
      }
    },
    "node_modules/@polkadot/x-textdecoder": {
      "version": "10.2.1",
      "license": "Apache-2.0",
      "dependencies": {
        "@babel/runtime": "^7.20.6",
        "@polkadot/x-global": "10.2.1"
      },
      "engines": {
        "node": ">=14.0.0"
      }
    },
    "node_modules/@polkadot/x-textencoder": {
      "version": "10.2.1",
      "license": "Apache-2.0",
      "dependencies": {
        "@babel/runtime": "^7.20.6",
        "@polkadot/x-global": "10.2.1"
      },
      "engines": {
        "node": ">=14.0.0"
      }
    },
    "node_modules/@polkadot/x-ws": {
      "version": "10.2.1",
      "license": "Apache-2.0",
      "dependencies": {
        "@babel/runtime": "^7.20.6",
        "@polkadot/x-global": "10.2.1",
        "@types/websocket": "^1.0.5",
        "websocket": "^1.0.34"
      },
      "engines": {
        "node": ">=14.0.0"
      }
    },
    "node_modules/@scure/base": {
      "version": "1.1.1",
      "funding": [
        {
          "type": "individual",
          "url": "https://paulmillr.com/funding/"
        }
      ],
      "license": "MIT"
    },
    "node_modules/@substrate/connect": {
      "version": "0.7.18",
      "license": "GPL-3.0-only",
      "dependencies": {
        "@substrate/connect-extension-protocol": "^1.0.1",
        "@substrate/smoldot-light": "0.7.9",
        "eventemitter3": "^4.0.7"
      }
    },
    "node_modules/@substrate/connect-extension-protocol": {
      "version": "1.0.1",
      "license": "GPL-3.0-only"
    },
    "node_modules/@substrate/connect/node_modules/@substrate/smoldot-light": {
      "version": "0.7.9",
      "resolved": "https://registry.npmjs.org/@substrate/smoldot-light/-/smoldot-light-0.7.9.tgz",
      "integrity": "sha512-HP8iP7sFYlpSgjjbo0lqHyU+gu9lL2hbDNce6dWk5/10mFFF9jKIFGfui4zCecUY808o/Go9pan/31kMJoLbug==",
      "dependencies": {
        "pako": "^2.0.4",
        "ws": "^8.8.1"
      }
    },
    "node_modules/@substrate/ss58-registry": {
      "version": "1.36.0",
      "license": "Apache-2.0"
    },
    "node_modules/@types/bn.js": {
      "version": "5.1.1",
      "license": "MIT",
      "dependencies": {
        "@types/node": "*"
      }
    },
    "node_modules/@types/node": {
      "version": "18.11.18",
      "license": "MIT"
    },
    "node_modules/@types/node-fetch": {
      "version": "2.6.2",
      "license": "MIT",
      "dependencies": {
        "@types/node": "*",
        "form-data": "^3.0.0"
      }
    },
    "node_modules/@types/websocket": {
      "version": "1.0.5",
      "license": "MIT",
      "dependencies": {
        "@types/node": "*"
      }
    },
    "node_modules/asynckit": {
      "version": "0.4.0",
      "license": "MIT"
    },
    "node_modules/bn.js": {
      "version": "5.2.1",
      "license": "MIT"
    },
    "node_modules/bufferutil": {
      "version": "4.0.7",
      "resolved": "https://registry.npmjs.org/bufferutil/-/bufferutil-4.0.7.tgz",
      "integrity": "sha512-kukuqc39WOHtdxtw4UScxF/WVnMFVSQVKhtx3AjZJzhd0RGZZldcrfSEbVsWWe6KNH253574cq5F+wpv0G9pJw==",
      "hasInstallScript": true,
      "dependencies": {
        "node-gyp-build": "^4.3.0"
      },
      "engines": {
        "node": ">=6.14.2"
      }
    },
    "node_modules/combined-stream": {
      "version": "1.0.8",
      "license": "MIT",
      "dependencies": {
        "delayed-stream": "~1.0.0"
      },
      "engines": {
        "node": ">= 0.8"
      }
    },
    "node_modules/d": {
      "version": "1.0.1",
      "license": "ISC",
      "dependencies": {
        "es5-ext": "^0.10.50",
        "type": "^1.0.1"
      }
    },
    "node_modules/data-uri-to-buffer": {
      "version": "4.0.0",
      "license": "MIT",
      "engines": {
        "node": ">= 12"
      }
    },
    "node_modules/debug": {
      "version": "4.3.4",
      "license": "MIT",
      "dependencies": {
        "ms": "2.1.2"
      },
      "engines": {
        "node": ">=6.0"
      },
      "peerDependenciesMeta": {
        "supports-color": {
          "optional": true
        }
      }
    },
    "node_modules/delayed-stream": {
      "version": "1.0.0",
      "license": "MIT",
      "engines": {
        "node": ">=0.4.0"
      }
    },
    "node_modules/ed2curve": {
      "version": "0.3.0",
      "license": "Unlicense",
      "dependencies": {
        "tweetnacl": "1.x.x"
      }
    },
    "node_modules/es5-ext": {
      "version": "0.10.62",
      "hasInstallScript": true,
      "license": "ISC",
      "dependencies": {
        "es6-iterator": "^2.0.3",
        "es6-symbol": "^3.1.3",
        "next-tick": "^1.1.0"
      },
      "engines": {
        "node": ">=0.10"
      }
    },
    "node_modules/es6-iterator": {
      "version": "2.0.3",
      "license": "MIT",
      "dependencies": {
        "d": "1",
        "es5-ext": "^0.10.35",
        "es6-symbol": "^3.1.1"
      }
    },
    "node_modules/es6-symbol": {
      "version": "3.1.3",
      "license": "ISC",
      "dependencies": {
        "d": "^1.0.1",
        "ext": "^1.1.2"
      }
    },
    "node_modules/eventemitter3": {
      "version": "4.0.7",
      "license": "MIT"
    },
    "node_modules/ext": {
      "version": "1.7.0",
      "license": "ISC",
      "dependencies": {
        "type": "^2.7.2"
      }
    },
    "node_modules/ext/node_modules/type": {
      "version": "2.7.2",
      "license": "ISC"
    },
    "node_modules/fetch-blob": {
      "version": "3.2.0",
      "funding": [
        {
          "type": "github",
          "url": "https://github.com/sponsors/jimmywarting"
        },
        {
          "type": "paypal",
          "url": "https://paypal.me/jimmywarting"
        }
      ],
      "license": "MIT",
      "dependencies": {
        "node-domexception": "^1.0.0",
        "web-streams-polyfill": "^3.0.3"
      },
      "engines": {
        "node": "^12.20 || >= 14.13"
      }
    },
    "node_modules/form-data": {
      "version": "3.0.1",
      "license": "MIT",
      "dependencies": {
        "asynckit": "^0.4.0",
        "combined-stream": "^1.0.8",
        "mime-types": "^2.1.12"
      },
      "engines": {
        "node": ">= 6"
      }
    },
    "node_modules/formdata-polyfill": {
      "version": "4.0.10",
      "license": "MIT",
      "dependencies": {
        "fetch-blob": "^3.1.2"
      },
      "engines": {
        "node": ">=12.20.0"
      }
    },
    "node_modules/is-typedarray": {
      "version": "1.0.0",
      "license": "MIT"
    },
    "node_modules/json-stringify-safe": {
      "version": "5.0.1",
      "license": "ISC"
    },
    "node_modules/lodash": {
      "version": "4.17.21",
      "license": "MIT"
    },
    "node_modules/mime-db": {
      "version": "1.52.0",
      "license": "MIT",
      "engines": {
        "node": ">= 0.6"
      }
    },
    "node_modules/mime-types": {
      "version": "2.1.35",
      "license": "MIT",
      "dependencies": {
        "mime-db": "1.52.0"
      },
      "engines": {
        "node": ">= 0.6"
      }
    },
    "node_modules/mock-socket": {
      "version": "9.1.5",
      "license": "MIT",
      "engines": {
        "node": ">= 8"
      }
    },
    "node_modules/ms": {
      "version": "2.1.2",
      "license": "MIT"
    },
    "node_modules/next-tick": {
      "version": "1.1.0",
      "license": "ISC"
    },
    "node_modules/nock": {
      "version": "13.2.9",
      "license": "MIT",
      "dependencies": {
        "debug": "^4.1.0",
        "json-stringify-safe": "^5.0.1",
        "lodash": "^4.17.21",
        "propagate": "^2.0.0"
      },
      "engines": {
        "node": ">= 10.13"
      }
    },
    "node_modules/node-domexception": {
      "version": "1.0.0",
      "funding": [
        {
          "type": "github",
          "url": "https://github.com/sponsors/jimmywarting"
        },
        {
          "type": "github",
          "url": "https://paypal.me/jimmywarting"
        }
      ],
      "license": "MIT",
      "engines": {
        "node": ">=10.5.0"
      }
    },
    "node_modules/node-fetch": {
      "version": "3.3.0",
      "license": "MIT",
      "dependencies": {
        "data-uri-to-buffer": "^4.0.0",
        "fetch-blob": "^3.1.4",
        "formdata-polyfill": "^4.0.10"
      },
      "engines": {
        "node": "^12.20.0 || ^14.13.1 || >=16.0.0"
      },
      "funding": {
        "type": "opencollective",
        "url": "https://opencollective.com/node-fetch"
      }
    },
    "node_modules/node-gyp-build": {
      "version": "4.5.0",
      "license": "MIT",
      "bin": {
        "node-gyp-build": "bin.js",
        "node-gyp-build-optional": "optional.js",
        "node-gyp-build-test": "build-test.js"
      }
    },
    "node_modules/pako": {
      "version": "2.1.0",
      "resolved": "https://registry.npmjs.org/pako/-/pako-2.1.0.tgz",
      "integrity": "sha512-w+eufiZ1WuJYgPXbV/PO3NCMEc3xqylkKHzp8bxp1uW4qaSNQUkwmLLEc3kKsfz8lpV1F8Ht3U1Cm+9Srog2ug=="
    },
    "node_modules/propagate": {
      "version": "2.0.1",
      "license": "MIT",
      "engines": {
        "node": ">= 8"
      }
    },
    "node_modules/regenerator-runtime": {
      "version": "0.13.11",
      "license": "MIT"
    },
    "node_modules/rxjs": {
      "version": "7.8.0",
      "resolved": "https://registry.npmjs.org/rxjs/-/rxjs-7.8.0.tgz",
      "integrity": "sha512-F2+gxDshqmIub1KdvZkaEfGDwLNpPvk9Fs6LD/MyQxNgMds/WH9OdDDXOmxUZpME+iSK3rQCctkL0DYyytUqMg==",
      "dependencies": {
        "tslib": "^2.1.0"
      }
    },
    "node_modules/tslib": {
      "version": "2.4.1",
      "license": "0BSD"
    },
    "node_modules/tweetnacl": {
      "version": "1.0.3",
      "license": "Unlicense"
    },
    "node_modules/type": {
      "version": "1.2.0",
      "license": "ISC"
    },
    "node_modules/typedarray-to-buffer": {
      "version": "3.1.5",
      "license": "MIT",
      "dependencies": {
        "is-typedarray": "^1.0.0"
      }
    },
    "node_modules/utf-8-validate": {
      "version": "5.0.10",
      "resolved": "https://registry.npmjs.org/utf-8-validate/-/utf-8-validate-5.0.10.tgz",
      "integrity": "sha512-Z6czzLq4u8fPOyx7TU6X3dvUZVvoJmxSQ+IcrlmagKhilxlhZgxPK6C5Jqbkw1IDUmFTM+cz9QDnnLTwDz/2gQ==",
      "hasInstallScript": true,
      "dependencies": {
        "node-gyp-build": "^4.3.0"
      },
      "engines": {
        "node": ">=6.14.2"
      }
    },
    "node_modules/web-streams-polyfill": {
      "version": "3.2.1",
      "license": "MIT",
      "engines": {
        "node": ">= 8"
      }
    },
    "node_modules/websocket": {
      "version": "1.0.34",
      "license": "Apache-2.0",
      "dependencies": {
        "bufferutil": "^4.0.1",
        "debug": "^2.2.0",
        "es5-ext": "^0.10.50",
        "typedarray-to-buffer": "^3.1.5",
        "utf-8-validate": "^5.0.2",
        "yaeti": "^0.0.6"
      },
      "engines": {
        "node": ">=4.0.0"
      }
    },
    "node_modules/websocket/node_modules/debug": {
      "version": "2.6.9",
      "license": "MIT",
      "dependencies": {
        "ms": "2.0.0"
      }
    },
    "node_modules/websocket/node_modules/ms": {
      "version": "2.0.0",
      "license": "MIT"
    },
    "node_modules/ws": {
      "version": "8.11.0",
      "resolved": "https://registry.npmjs.org/ws/-/ws-8.11.0.tgz",
      "integrity": "sha512-HPG3wQd9sNQoT9xHyNCXoDUa+Xw/VevmY9FoHyQ+g+rrMn4j6FB4np7Z0OhdTgjx6MgQLK7jwSy1YecU1+4Asg==",
      "engines": {
        "node": ">=10.0.0"
      },
      "peerDependencies": {
        "bufferutil": "^4.0.1",
        "utf-8-validate": "^5.0.2"
      },
      "peerDependenciesMeta": {
        "bufferutil": {
          "optional": true
        },
        "utf-8-validate": {
          "optional": true
        }
      }
    },
    "node_modules/yaeti": {
      "version": "0.0.6",
      "license": "MIT",
      "engines": {
        "node": ">=0.10.32"
      }
    }
  },
  "dependencies": {
    "@babel/runtime": {
      "version": "7.20.7",
      "requires": {
        "regenerator-runtime": "^0.13.11"
      }
    },
    "@noble/hashes": {
      "version": "1.1.3"
    },
    "@noble/secp256k1": {
      "version": "1.7.0"
    },
    "@polkadot/api": {
      "version": "9.10.5",
      "resolved": "https://registry.npmjs.org/@polkadot/api/-/api-9.10.5.tgz",
      "integrity": "sha512-nCtQX9+ZNSEN8Cn09ylZs8ckwHfB+ofbf+opW3JeRFm1K5AScH1Hx6jP9YpTa+ii9sDEXzMdUSN90JBYLtzW7w==",
      "requires": {
        "@babel/runtime": "^7.20.6",
        "@polkadot/api-augment": "9.10.5",
        "@polkadot/api-base": "9.10.5",
        "@polkadot/api-derive": "9.10.5",
        "@polkadot/keyring": "^10.2.1",
        "@polkadot/rpc-augment": "9.10.5",
        "@polkadot/rpc-core": "9.10.5",
        "@polkadot/rpc-provider": "9.10.5",
        "@polkadot/types": "9.10.5",
        "@polkadot/types-augment": "9.10.5",
        "@polkadot/types-codec": "9.10.5",
        "@polkadot/types-create": "9.10.5",
        "@polkadot/types-known": "9.10.5",
        "@polkadot/util": "^10.2.1",
        "@polkadot/util-crypto": "^10.2.1",
        "eventemitter3": "^4.0.7",
        "rxjs": "^7.8.0"
      }
    },
    "@polkadot/api-augment": {
      "version": "9.10.5",
      "requires": {
        "@babel/runtime": "^7.20.6",
        "@polkadot/api-base": "9.10.5",
        "@polkadot/rpc-augment": "9.10.5",
        "@polkadot/types": "9.10.5",
        "@polkadot/types-augment": "9.10.5",
        "@polkadot/types-codec": "9.10.5",
        "@polkadot/util": "^10.2.1"
      }
    },
    "@polkadot/api-base": {
      "version": "9.10.5",
      "requires": {
        "@babel/runtime": "^7.20.6",
        "@polkadot/rpc-core": "9.10.5",
        "@polkadot/types": "9.10.5",
        "@polkadot/util": "^10.2.1",
        "rxjs": "^7.8.0"
      }
    },
    "@polkadot/api-derive": {
      "version": "9.10.5",
      "requires": {
        "@babel/runtime": "^7.20.6",
        "@polkadot/api": "9.10.5",
        "@polkadot/api-augment": "9.10.5",
        "@polkadot/api-base": "9.10.5",
        "@polkadot/rpc-core": "9.10.5",
        "@polkadot/types": "9.10.5",
        "@polkadot/types-codec": "9.10.5",
        "@polkadot/util": "^10.2.1",
        "@polkadot/util-crypto": "^10.2.1",
        "rxjs": "^7.8.0"
      }
    },
    "@polkadot/keyring": {
      "version": "10.2.1",
      "requires": {
        "@babel/runtime": "^7.20.6",
        "@polkadot/util": "10.2.1",
        "@polkadot/util-crypto": "10.2.1"
      }
    },
    "@polkadot/networks": {
      "version": "10.2.1",
      "requires": {
        "@babel/runtime": "^7.20.6",
        "@polkadot/util": "10.2.1",
        "@substrate/ss58-registry": "^1.35.0"
      }
    },
    "@polkadot/rpc-augment": {
      "version": "9.10.5",
      "requires": {
        "@babel/runtime": "^7.20.6",
        "@polkadot/rpc-core": "9.10.5",
        "@polkadot/types": "9.10.5",
        "@polkadot/types-codec": "9.10.5",
        "@polkadot/util": "^10.2.1"
      }
    },
    "@polkadot/rpc-core": {
      "version": "9.10.5",
      "requires": {
        "@babel/runtime": "^7.20.6",
        "@polkadot/rpc-augment": "9.10.5",
        "@polkadot/rpc-provider": "9.10.5",
        "@polkadot/types": "9.10.5",
        "@polkadot/util": "^10.2.1",
        "rxjs": "^7.8.0"
      }
    },
    "@polkadot/rpc-provider": {
      "version": "9.10.5",
      "requires": {
        "@babel/runtime": "^7.20.6",
        "@polkadot/keyring": "^10.2.1",
        "@polkadot/types": "9.10.5",
        "@polkadot/types-support": "9.10.5",
        "@polkadot/util": "^10.2.1",
        "@polkadot/util-crypto": "^10.2.1",
        "@polkadot/x-fetch": "^10.2.1",
        "@polkadot/x-global": "^10.2.1",
        "@polkadot/x-ws": "^10.2.1",
        "@substrate/connect": "0.7.18",
        "eventemitter3": "^4.0.7",
        "mock-socket": "^9.1.5",
        "nock": "^13.2.9"
      },
      "dependencies": {
        "@polkadot/types-support": {
          "version": "9.10.5",
          "resolved": "https://registry.npmjs.org/@polkadot/types-support/-/types-support-9.10.5.tgz",
          "integrity": "sha512-o5wIkWqNV0QsPMrZ0uKM2K2hJ4IP9KhFQzoU+97lE2Yb3TDUCA6XWP9VqyobYjaxXd9DmPdSjzqb2hzhMwunbw==",
          "requires": {
            "@babel/runtime": "^7.20.6",
            "@polkadot/util": "^10.2.1"
          }
        }
      }
    },
    "@polkadot/types": {
      "version": "9.10.5",
      "requires": {
        "@babel/runtime": "^7.20.6",
        "@polkadot/keyring": "^10.2.1",
        "@polkadot/types-augment": "9.10.5",
        "@polkadot/types-codec": "9.10.5",
        "@polkadot/types-create": "9.10.5",
        "@polkadot/util": "^10.2.1",
        "@polkadot/util-crypto": "^10.2.1",
        "rxjs": "^7.8.0"
      }
    },
    "@polkadot/types-augment": {
      "version": "9.10.5",
      "requires": {
        "@babel/runtime": "^7.20.6",
        "@polkadot/types": "9.10.5",
        "@polkadot/types-codec": "9.10.5",
        "@polkadot/util": "^10.2.1"
      }
    },
    "@polkadot/types-codec": {
      "version": "9.10.5",
      "requires": {
        "@babel/runtime": "^7.20.6",
        "@polkadot/util": "^10.2.1",
        "@polkadot/x-bigint": "^10.2.1"
      }
    },
    "@polkadot/types-create": {
      "version": "9.10.5",
      "requires": {
        "@babel/runtime": "^7.20.6",
        "@polkadot/types-codec": "9.10.5",
        "@polkadot/util": "^10.2.1"
      }
    },
    "@polkadot/types-known": {
      "version": "9.10.5",
      "requires": {
        "@babel/runtime": "^7.20.6",
        "@polkadot/networks": "^10.2.1",
        "@polkadot/types": "9.10.5",
        "@polkadot/types-codec": "9.10.5",
        "@polkadot/types-create": "9.10.5",
        "@polkadot/util": "^10.2.1"
      }
    },
    "@polkadot/util": {
      "version": "10.2.1",
      "requires": {
        "@babel/runtime": "^7.20.6",
        "@polkadot/x-bigint": "10.2.1",
        "@polkadot/x-global": "10.2.1",
        "@polkadot/x-textdecoder": "10.2.1",
        "@polkadot/x-textencoder": "10.2.1",
        "@types/bn.js": "^5.1.1",
        "bn.js": "^5.2.1"
      }
    },
    "@polkadot/util-crypto": {
      "version": "10.2.1",
      "requires": {
        "@babel/runtime": "^7.20.6",
        "@noble/hashes": "1.1.3",
        "@noble/secp256k1": "1.7.0",
        "@polkadot/networks": "10.2.1",
        "@polkadot/util": "10.2.1",
        "@polkadot/wasm-crypto": "^6.4.1",
        "@polkadot/x-bigint": "10.2.1",
        "@polkadot/x-randomvalues": "10.2.1",
        "@scure/base": "1.1.1",
        "ed2curve": "^0.3.0",
        "tweetnacl": "^1.0.3"
      }
    },
    "@polkadot/wasm-bridge": {
      "version": "6.4.1",
      "requires": {
        "@babel/runtime": "^7.20.6"
      }
    },
    "@polkadot/wasm-crypto": {
      "version": "6.4.1",
      "requires": {
        "@babel/runtime": "^7.20.6",
        "@polkadot/wasm-bridge": "6.4.1",
        "@polkadot/wasm-crypto-asmjs": "6.4.1",
        "@polkadot/wasm-crypto-init": "6.4.1",
        "@polkadot/wasm-crypto-wasm": "6.4.1",
        "@polkadot/wasm-util": "6.4.1"
      }
    },
    "@polkadot/wasm-crypto-asmjs": {
      "version": "6.4.1",
      "requires": {
        "@babel/runtime": "^7.20.6"
      }
    },
    "@polkadot/wasm-crypto-init": {
      "version": "6.4.1",
      "requires": {
        "@babel/runtime": "^7.20.6",
        "@polkadot/wasm-bridge": "6.4.1",
        "@polkadot/wasm-crypto-asmjs": "6.4.1",
        "@polkadot/wasm-crypto-wasm": "6.4.1"
      }
    },
    "@polkadot/wasm-crypto-wasm": {
      "version": "6.4.1",
      "requires": {
        "@babel/runtime": "^7.20.6",
        "@polkadot/wasm-util": "6.4.1"
      }
    },
    "@polkadot/wasm-util": {
      "version": "6.4.1",
      "requires": {
        "@babel/runtime": "^7.20.6"
      }
    },
    "@polkadot/x-bigint": {
      "version": "10.2.1",
      "requires": {
        "@babel/runtime": "^7.20.6",
        "@polkadot/x-global": "10.2.1"
      }
    },
    "@polkadot/x-fetch": {
      "version": "10.2.1",
      "requires": {
        "@babel/runtime": "^7.20.6",
        "@polkadot/x-global": "10.2.1",
        "@types/node-fetch": "^2.6.2",
        "node-fetch": "^3.3.0"
      }
    },
    "@polkadot/x-global": {
      "version": "10.2.1",
      "requires": {
        "@babel/runtime": "^7.20.6"
      }
    },
    "@polkadot/x-randomvalues": {
      "version": "10.2.1",
      "requires": {
        "@babel/runtime": "^7.20.6",
        "@polkadot/x-global": "10.2.1"
      }
    },
    "@polkadot/x-textdecoder": {
      "version": "10.2.1",
      "requires": {
        "@babel/runtime": "^7.20.6",
        "@polkadot/x-global": "10.2.1"
      }
    },
    "@polkadot/x-textencoder": {
      "version": "10.2.1",
      "requires": {
        "@babel/runtime": "^7.20.6",
        "@polkadot/x-global": "10.2.1"
      }
    },
    "@polkadot/x-ws": {
      "version": "10.2.1",
      "requires": {
        "@babel/runtime": "^7.20.6",
        "@polkadot/x-global": "10.2.1",
        "@types/websocket": "^1.0.5",
        "websocket": "^1.0.34"
      }
    },
    "@scure/base": {
      "version": "1.1.1"
    },
    "@substrate/connect": {
      "version": "0.7.18",
      "requires": {
        "@substrate/connect-extension-protocol": "^1.0.1",
        "@substrate/smoldot-light": "0.7.9",
        "eventemitter3": "^4.0.7"
      },
      "dependencies": {
        "@substrate/smoldot-light": {
          "version": "0.7.9",
          "resolved": "https://registry.npmjs.org/@substrate/smoldot-light/-/smoldot-light-0.7.9.tgz",
          "integrity": "sha512-HP8iP7sFYlpSgjjbo0lqHyU+gu9lL2hbDNce6dWk5/10mFFF9jKIFGfui4zCecUY808o/Go9pan/31kMJoLbug==",
          "requires": {
            "pako": "^2.0.4",
            "ws": "^8.8.1"
          }
        }
      }
    },
    "@substrate/connect-extension-protocol": {
      "version": "1.0.1"
    },
    "@substrate/ss58-registry": {
      "version": "1.36.0"
    },
    "@types/bn.js": {
      "version": "5.1.1",
      "requires": {
        "@types/node": "*"
      }
    },
    "@types/node": {
      "version": "18.11.18"
    },
    "@types/node-fetch": {
      "version": "2.6.2",
      "requires": {
        "@types/node": "*",
        "form-data": "^3.0.0"
      }
    },
    "@types/websocket": {
      "version": "1.0.5",
      "requires": {
        "@types/node": "*"
      }
    },
    "asynckit": {
      "version": "0.4.0"
    },
    "bn.js": {
      "version": "5.2.1"
    },
    "bufferutil": {
      "version": "4.0.7",
      "resolved": "https://registry.npmjs.org/bufferutil/-/bufferutil-4.0.7.tgz",
      "integrity": "sha512-kukuqc39WOHtdxtw4UScxF/WVnMFVSQVKhtx3AjZJzhd0RGZZldcrfSEbVsWWe6KNH253574cq5F+wpv0G9pJw==",
      "requires": {
        "node-gyp-build": "^4.3.0"
      }
    },
    "combined-stream": {
      "version": "1.0.8",
      "requires": {
        "delayed-stream": "~1.0.0"
      }
    },
    "d": {
      "version": "1.0.1",
      "requires": {
        "es5-ext": "^0.10.50",
        "type": "^1.0.1"
      }
    },
    "data-uri-to-buffer": {
      "version": "4.0.0"
    },
    "debug": {
      "version": "4.3.4",
      "requires": {
        "ms": "2.1.2"
      }
    },
    "delayed-stream": {
      "version": "1.0.0"
    },
    "ed2curve": {
      "version": "0.3.0",
      "requires": {
        "tweetnacl": "1.x.x"
      }
    },
    "es5-ext": {
      "version": "0.10.62",
      "requires": {
        "es6-iterator": "^2.0.3",
        "es6-symbol": "^3.1.3",
        "next-tick": "^1.1.0"
      }
    },
    "es6-iterator": {
      "version": "2.0.3",
      "requires": {
        "d": "1",
        "es5-ext": "^0.10.35",
        "es6-symbol": "^3.1.1"
      }
    },
    "es6-symbol": {
      "version": "3.1.3",
      "requires": {
        "d": "^1.0.1",
        "ext": "^1.1.2"
      }
    },
    "eventemitter3": {
      "version": "4.0.7"
    },
    "ext": {
      "version": "1.7.0",
      "requires": {
        "type": "^2.7.2"
      },
      "dependencies": {
        "type": {
          "version": "2.7.2"
        }
      }
    },
    "fetch-blob": {
      "version": "3.2.0",
      "requires": {
        "node-domexception": "^1.0.0",
        "web-streams-polyfill": "^3.0.3"
      }
    },
    "form-data": {
      "version": "3.0.1",
      "requires": {
        "asynckit": "^0.4.0",
        "combined-stream": "^1.0.8",
        "mime-types": "^2.1.12"
      }
    },
    "formdata-polyfill": {
      "version": "4.0.10",
      "requires": {
        "fetch-blob": "^3.1.2"
      }
    },
    "is-typedarray": {
      "version": "1.0.0"
    },
    "json-stringify-safe": {
      "version": "5.0.1"
    },
    "lodash": {
      "version": "4.17.21"
    },
    "mime-db": {
      "version": "1.52.0"
    },
    "mime-types": {
      "version": "2.1.35",
      "requires": {
        "mime-db": "1.52.0"
      }
    },
    "mock-socket": {
      "version": "9.1.5"
    },
    "ms": {
      "version": "2.1.2"
    },
    "next-tick": {
      "version": "1.1.0"
    },
    "nock": {
      "version": "13.2.9",
      "requires": {
        "debug": "^4.1.0",
        "json-stringify-safe": "^5.0.1",
        "lodash": "^4.17.21",
        "propagate": "^2.0.0"
      }
    },
    "node-domexception": {
      "version": "1.0.0"
    },
    "node-fetch": {
      "version": "3.3.0",
      "requires": {
        "data-uri-to-buffer": "^4.0.0",
        "fetch-blob": "^3.1.4",
        "formdata-polyfill": "^4.0.10"
      }
    },
    "node-gyp-build": {
      "version": "4.5.0"
    },
    "pako": {
      "version": "2.1.0",
      "resolved": "https://registry.npmjs.org/pako/-/pako-2.1.0.tgz",
      "integrity": "sha512-w+eufiZ1WuJYgPXbV/PO3NCMEc3xqylkKHzp8bxp1uW4qaSNQUkwmLLEc3kKsfz8lpV1F8Ht3U1Cm+9Srog2ug=="
    },
    "propagate": {
      "version": "2.0.1"
    },
    "regenerator-runtime": {
      "version": "0.13.11"
    },
    "rxjs": {
      "version": "7.8.0",
      "resolved": "https://registry.npmjs.org/rxjs/-/rxjs-7.8.0.tgz",
      "integrity": "sha512-F2+gxDshqmIub1KdvZkaEfGDwLNpPvk9Fs6LD/MyQxNgMds/WH9OdDDXOmxUZpME+iSK3rQCctkL0DYyytUqMg==",
      "requires": {
        "tslib": "^2.1.0"
      }
    },
    "tslib": {
      "version": "2.4.1"
    },
    "tweetnacl": {
      "version": "1.0.3"
    },
    "type": {
      "version": "1.2.0"
    },
    "typedarray-to-buffer": {
      "version": "3.1.5",
      "requires": {
        "is-typedarray": "^1.0.0"
      }
    },
    "utf-8-validate": {
      "version": "5.0.10",
      "resolved": "https://registry.npmjs.org/utf-8-validate/-/utf-8-validate-5.0.10.tgz",
      "integrity": "sha512-Z6czzLq4u8fPOyx7TU6X3dvUZVvoJmxSQ+IcrlmagKhilxlhZgxPK6C5Jqbkw1IDUmFTM+cz9QDnnLTwDz/2gQ==",
      "requires": {
        "node-gyp-build": "^4.3.0"
      }
    },
    "web-streams-polyfill": {
      "version": "3.2.1"
    },
    "websocket": {
      "version": "1.0.34",
      "requires": {
        "bufferutil": "^4.0.1",
        "debug": "^2.2.0",
        "es5-ext": "^0.10.50",
        "typedarray-to-buffer": "^3.1.5",
        "utf-8-validate": "^5.0.2",
        "yaeti": "^0.0.6"
      },
      "dependencies": {
        "debug": {
          "version": "2.6.9",
          "requires": {
            "ms": "2.0.0"
          }
        },
        "ms": {
          "version": "2.0.0"
        }
      }
    },
    "ws": {
      "version": "8.11.0",
      "resolved": "https://registry.npmjs.org/ws/-/ws-8.11.0.tgz",
      "integrity": "sha512-HPG3wQd9sNQoT9xHyNCXoDUa+Xw/VevmY9FoHyQ+g+rrMn4j6FB4np7Z0OhdTgjx6MgQLK7jwSy1YecU1+4Asg==",
      "requires": {}
    },
    "yaeti": {
      "version": "0.0.6"
    }
  }
}
